
Microsoft Visual Studio Solution File, Format Version 12.00
# Visual Studio Version 17
VisualStudioVersion = 17.14.36518.9
MinimumVisualStudioVersion = 10.0.40219.1
Project("{2150E333-8FDC-42A3-9474-1A3956D46DE8}") = "Services", "Services", "{02EA681E-C7D8-13C7-8484-4AC65E1B71E8}"
EndProject
Project("{2150E333-8FDC-42A3-9474-1A3956D46DE8}") = "Catalog", "Catalog", "{E0C92934-BD3E-4DBF-97BF-A0DC5DCF3B22}"
EndProject
Project("{FAE04EC0-301F-11D3-BF4B-00C04F79EFBC}") = "MultiShop.Catalog", "Services\Catalog\MultiShop.Catalog\MultiShop.Catalog.csproj", "{8F51ED5F-6A70-4782-8BB3-FD4BEB5779CC}"
EndProject
Project("{2150E333-8FDC-42A3-9474-1A3956D46DE8}") = "Discount", "Discount", "{01389EF8-2D13-453B-976C-DD188C6589E0}"
EndProject
Project("{FAE04EC0-301F-11D3-BF4B-00C04F79EFBC}") = "MultiShop.Discount", "Services\Discount\MultiShop.Discount\MultiShop.Discount.csproj", "{377CD7C5-982F-4950-90AE-472ED594DF01}"
EndProject
Project("{2150E333-8FDC-42A3-9474-1A3956D46DE8}") = "Order", "Order", "{1C744A50-9377-4BD7-8EF4-6653F869C119}"
EndProject
Project("{2150E333-8FDC-42A3-9474-1A3956D46DE8}") = "Core", "Core", "{3E38CA93-32DA-4CA4-8B95-4D46857C5BAE}"
EndProject
Project("{2150E333-8FDC-42A3-9474-1A3956D46DE8}") = "Infrastructure", "Infrastructure", "{7F6C039A-F92D-4C7B-ADC9-9346B4C9D6A6}"
EndProject
Project("{2150E333-8FDC-42A3-9474-1A3956D46DE8}") = "Presentation", "Presentation", "{C95A6269-122E-4C78-B515-8F19D393AFD8}"
EndProject
Project("{FAE04EC0-301F-11D3-BF4B-00C04F79EFBC}") = "MultiShop.Order.Domain", "Services\Order\Core\MultiShop.Order.Domain\MultiShop.Order.Domain.csproj", "{C1839054-9372-48BB-99FB-C860CA8526AC}"
EndProject
Project("{FAE04EC0-301F-11D3-BF4B-00C04F79EFBC}") = "MultiShop.Order.Application", "Services\Order\Core\MultiShop.Order.Application\MultiShop.Order.Application.csproj", "{AF741AAC-7371-4D2A-A32F-178DF071D82C}"
EndProject
Project("{FAE04EC0-301F-11D3-BF4B-00C04F79EFBC}") = "MultiShop.Order.Persistence", "Services\Order\Infrastructure\MultiShop.Order.Persistence\MultiShop.Order.Persistence.csproj", "{73C6482E-0435-40B3-9047-FE4C4DC609FC}"
EndProject
Project("{FAE04EC0-301F-11D3-BF4B-00C04F79EFBC}") = "MultiShop.Order.WebApi", "Services\Order\Presentation\MultiShop.Order.WebApi\MultiShop.Order.WebApi.csproj", "{BF9761C3-AFE6-425C-9895-A95110E2FA1D}"
EndProject
Global
	GlobalSection(SolutionConfigurationPlatforms) = preSolution
		Debug|Any CPU = Debug|Any CPU
		Release|Any CPU = Release|Any CPU
	EndGlobalSection
	GlobalSection(ProjectConfigurationPlatforms) = postSolution
		{8F51ED5F-6A70-4782-8BB3-FD4BEB5779CC}.Debug|Any CPU.ActiveCfg = Debug|Any CPU
		{8F51ED5F-6A70-4782-8BB3-FD4BEB5779CC}.Debug|Any CPU.Build.0 = Debug|Any CPU
		{8F51ED5F-6A70-4782-8BB3-FD4BEB5779CC}.Release|Any CPU.ActiveCfg = Release|Any CPU
		{8F51ED5F-6A70-4782-8BB3-FD4BEB5779CC}.Release|Any CPU.Build.0 = Release|Any CPU
		{377CD7C5-982F-4950-90AE-472ED594DF01}.Debug|Any CPU.ActiveCfg = Debug|Any CPU
		{377CD7C5-982F-4950-90AE-472ED594DF01}.Debug|Any CPU.Build.0 = Debug|Any CPU
		{377CD7C5-982F-4950-90AE-472ED594DF01}.Release|Any CPU.ActiveCfg = Release|Any CPU
		{377CD7C5-982F-4950-90AE-472ED594DF01}.Release|Any CPU.Build.0 = Release|Any CPU
		{C1839054-9372-48BB-99FB-C860CA8526AC}.Debug|Any CPU.ActiveCfg = Debug|Any CPU
		{C1839054-9372-48BB-99FB-C860CA8526AC}.Debug|Any CPU.Build.0 = Debug|Any CPU
		{C1839054-9372-48BB-99FB-C860CA8526AC}.Release|Any CPU.ActiveCfg = Release|Any CPU
		{C1839054-9372-48BB-99FB-C860CA8526AC}.Release|Any CPU.Build.0 = Release|Any CPU
		{AF741AAC-7371-4D2A-A32F-178DF071D82C}.Debug|Any CPU.ActiveCfg = Debug|Any CPU
		{AF741AAC-7371-4D2A-A32F-178DF071D82C}.Debug|Any CPU.Build.0 = Debug|Any CPU
		{AF741AAC-7371-4D2A-A32F-178DF071D82C}.Release|Any CPU.ActiveCfg = Release|Any CPU
		{AF741AAC-7371-4D2A-A32F-178DF071D82C}.Release|Any CPU.Build.0 = Release|Any CPU
		{73C6482E-0435-40B3-9047-FE4C4DC609FC}.Debug|Any CPU.ActiveCfg = Debug|Any CPU
		{73C6482E-0435-40B3-9047-FE4C4DC609FC}.Debug|Any CPU.Build.0 = Debug|Any CPU
		{73C6482E-0435-40B3-9047-FE4C4DC609FC}.Release|Any CPU.ActiveCfg = Release|Any CPU
		{73C6482E-0435-40B3-9047-FE4C4DC609FC}.Release|Any CPU.Build.0 = Release|Any CPU
		{BF9761C3-AFE6-425C-9895-A95110E2FA1D}.Debug|Any CPU.ActiveCfg = Debug|Any CPU
		{BF9761C3-AFE6-425C-9895-A95110E2FA1D}.Debug|Any CPU.Build.0 = Debug|Any CPU
		{BF9761C3-AFE6-425C-9895-A95110E2FA1D}.Release|Any CPU.ActiveCfg = Release|Any CPU
		{BF9761C3-AFE6-425C-9895-A95110E2FA1D}.Release|Any CPU.Build.0 = Release|Any CPU
	EndGlobalSection
	GlobalSection(SolutionProperties) = preSolution
		HideSolutionNode = FALSE
	EndGlobalSection
	GlobalSection(NestedProjects) = preSolution
		{E0C92934-BD3E-4DBF-97BF-A0DC5DCF3B22} = {02EA681E-C7D8-13C7-8484-4AC65E1B71E8}
		{8F51ED5F-6A70-4782-8BB3-FD4BEB5779CC} = {E0C92934-BD3E-4DBF-97BF-A0DC5DCF3B22}
		{01389EF8-2D13-453B-976C-DD188C6589E0} = {02EA681E-C7D8-13C7-8484-4AC65E1B71E8}
		{377CD7C5-982F-4950-90AE-472ED594DF01} = {01389EF8-2D13-453B-976C-DD188C6589E0}
		{1C744A50-9377-4BD7-8EF4-6653F869C119} = {02EA681E-C7D8-13C7-8484-4AC65E1B71E8}
		{3E38CA93-32DA-4CA4-8B95-4D46857C5BAE} = {1C744A50-9377-4BD7-8EF4-6653F869C119}
		{7F6C039A-F92D-4C7B-ADC9-9346B4C9D6A6} = {1C744A50-9377-4BD7-8EF4-6653F869C119}
		{C95A6269-122E-4C78-B515-8F19D393AFD8} = {1C744A50-9377-4BD7-8EF4-6653F869C119}
		{C1839054-9372-48BB-99FB-C860CA8526AC} = {3E38CA93-32DA-4CA4-8B95-4D46857C5BAE}
		{AF741AAC-7371-4D2A-A32F-178DF071D82C} = {3E38CA93-32DA-4CA4-8B95-4D46857C5BAE}
		{73C6482E-0435-40B3-9047-FE4C4DC609FC} = {7F6C039A-F92D-4C7B-ADC9-9346B4C9D6A6}
		{BF9761C3-AFE6-425C-9895-A95110E2FA1D} = {C95A6269-122E-4C78-B515-8F19D393AFD8}
	EndGlobalSection
	GlobalSection(ExtensibilityGlobals) = postSolution
		SolutionGuid = {20A4BDDD-37A8-468B-B93E-0CE5D5456644}
	EndGlobalSection
EndGlobal
